
Microsoft Visual Studio Solution File, Format Version 12.00
# Visual Studio Version 16
VisualStudioVersion = 16.0.29806.167
MinimumVisualStudioVersion = 10.0.40219.1
Project("{8BC9CEB8-8B4A-11D0-8D11-00A0C91BC942}") = "server", "server.vcxproj", "{AB75B50F-DC9B-4084-87E2-EEB87A26D796}"
EndProject
Global
	GlobalSection(SolutionConfigurationPlatforms) = preSolution
		Debug|x64 = Debug|x64
		Debug|x86 = Debug|x86
		Release|x64 = Release|x64
		Release|x86 = Release|x86
	EndGlobalSection
	GlobalSection(ProjectConfigurationPlatforms) = postSolution
		{AB75B50F-DC9B-4084-87E2-EEB87A26D796}.Debug|x64.ActiveCfg = Debug|x64
		{AB75B50F-DC9B-4084-87E2-EEB87A26D796}.Debug|x64.Build.0 = Debug|x64
		{AB75B50F-DC9B-4084-87E2-EEB87A26D796}.Debug|x86.ActiveCfg = Debug|Win32
		{AB75B50F-DC9B-4084-87E2-EEB87A26D796}.Debug|x86.Build.0 = Debug|Win32
		{AB75B50F-DC9B-4084-87E2-EEB87A26D796}.Release|x64.ActiveCfg = Release|x64
		{AB75B50F-DC9B-4084-87E2-EEB87A26D796}.Release|x64.Build.0 = Release|x64
		{AB75B50F-DC9B-4084-87E2-EEB87A26D796}.Release|x86.ActiveCfg = Release|Win32
		{AB75B50F-DC9B-4084-87E2-EEB87A26D796}.Release|x86.Build.0 = Release|Win32
	EndGlobalSection
	GlobalSection(SolutionProperties) = preSolution
		HideSolutionNode = FALSE
	EndGlobalSection
	GlobalSection(ExtensibilityGlobals) = postSolution
		SolutionGuid = {724FE257-1912-471B-8353-16FDD75B1DC4}
	EndGlobalSection
EndGlobal
